// !$*UTF8*$!
{
	archiveVersion = 1;
	classes = {
	};
	objectVersion = 46;
	objects = {

/* Begin PBXBuildFile section */
		0256A114CF9B8093AC5B5357 /* Pods_LoadUnload.framework in Frameworks */ = {isa = PBXBuildFile; fileRef = B83A2DF34F03A10185A1C31F /* Pods_LoadUnload.framework */; };
		840027921E0AB9E50063A195 /* LeftSideMenuViewController.swift in Sources */ = {isa = PBXBuildFile; fileRef = 840027911E0AB9E50063A195 /* LeftSideMenuViewController.swift */; };
		840027971E0ABB7B0063A195 /* AppNavigationDrawerController.swift in Sources */ = {isa = PBXBuildFile; fileRef = 840027951E0ABB7B0063A195 /* AppNavigationDrawerController.swift */; };
		840027981E0ABB7B0063A195 /* AppToolbarController.swift in Sources */ = {isa = PBXBuildFile; fileRef = 840027961E0ABB7B0063A195 /* AppToolbarController.swift */; };
		840616381E0B961B00EF6796 /* Contacts.swift in Sources */ = {isa = PBXBuildFile; fileRef = 840616371E0B961B00EF6796 /* Contacts.swift */; };
		84092C6D1E081B03001CC38C /* UserSession.swift in Sources */ = {isa = PBXBuildFile; fileRef = 84092C6C1E081B03001CC38C /* UserSession.swift */; };
		842A11C11E01A324000657AF /* RegisterViewController.swift in Sources */ = {isa = PBXBuildFile; fileRef = 842A11C01E01A324000657AF /* RegisterViewController.swift */; };
		842A11C31E01C930000657AF /* LogInViewController.swift in Sources */ = {isa = PBXBuildFile; fileRef = 842A11C21E01C930000657AF /* LogInViewController.swift */; };
		8444FD661E0190F2004D5A62 /* FlashScreenViewController.swift in Sources */ = {isa = PBXBuildFile; fileRef = 8444FD651E0190F2004D5A62 /* FlashScreenViewController.swift */; };
		846FE6ED1E0AF6E100AEA5BF /* BookingHostoryViewController.swift in Sources */ = {isa = PBXBuildFile; fileRef = 846FE6EC1E0AF6E100AEA5BF /* BookingHostoryViewController.swift */; };
		84C611691E005FD5007D4DFA /* AppDelegate.swift in Sources */ = {isa = PBXBuildFile; fileRef = 84C611681E005FD5007D4DFA /* AppDelegate.swift */; };
		84C6116B1E005FD5007D4DFA /* ViewController.swift in Sources */ = {isa = PBXBuildFile; fileRef = 84C6116A1E005FD5007D4DFA /* ViewController.swift */; };
		84C6116E1E005FD5007D4DFA /* Main.storyboard in Resources */ = {isa = PBXBuildFile; fileRef = 84C6116C1E005FD5007D4DFA /* Main.storyboard */; };
		84C611701E005FD5007D4DFA /* Assets.xcassets in Resources */ = {isa = PBXBuildFile; fileRef = 84C6116F1E005FD5007D4DFA /* Assets.xcassets */; };
		84C611731E005FD5007D4DFA /* LaunchScreen.storyboard in Resources */ = {isa = PBXBuildFile; fileRef = 84C611711E005FD5007D4DFA /* LaunchScreen.storyboard */; };
		84C6117E1E005FD5007D4DFA /* LoadUnloadTests.swift in Sources */ = {isa = PBXBuildFile; fileRef = 84C6117D1E005FD5007D4DFA /* LoadUnloadTests.swift */; };
		84C611891E005FD5007D4DFA /* LoadUnloadUITests.swift in Sources */ = {isa = PBXBuildFile; fileRef = 84C611881E005FD5007D4DFA /* LoadUnloadUITests.swift */; };
		D9E814791E0BC5D200E3F64A /* NetworkInterface.swift in Sources */ = {isa = PBXBuildFile; fileRef = D9E814751E0BC5D200E3F64A /* NetworkInterface.swift */; };
		D9E8147A1E0BC5D200E3F64A /* MPMedia.swift in Sources */ = {isa = PBXBuildFile; fileRef = D9E814761E0BC5D200E3F64A /* MPMedia.swift */; };
		D9E8147B1E0BC5D200E3F64A /* LUNetworkRequests.swift in Sources */ = {isa = PBXBuildFile; fileRef = D9E814771E0BC5D200E3F64A /* LUNetworkRequests.swift */; };
		D9E8147C1E0BC5D200E3F64A /* LUError.swift in Sources */ = {isa = PBXBuildFile; fileRef = D9E814781E0BC5D200E3F64A /* LUError.swift */; };
		D9E8147F1E0BC83900E3F64A /* UtilExtensions.swift in Sources */ = {isa = PBXBuildFile; fileRef = D9E8147E1E0BC83900E3F64A /* UtilExtensions.swift */; };
		D9E814811E0D77D700E3F64A /* ViewControllerExtension.swift in Sources */ = {isa = PBXBuildFile; fileRef = D9E814801E0D77D700E3F64A /* ViewControllerExtension.swift */; };
		D9E814831E0D787100E3F64A /* HUD.swift in Sources */ = {isa = PBXBuildFile; fileRef = D9E814821E0D787100E3F64A /* HUD.swift */; };
/* End PBXBuildFile section */

/* Begin PBXContainerItemProxy section */
		84C6117A1E005FD5007D4DFA /* PBXContainerItemProxy */ = {
			isa = PBXContainerItemProxy;
			containerPortal = 84C6115D1E005FD5007D4DFA /* Project object */;
			proxyType = 1;
			remoteGlobalIDString = 84C611641E005FD5007D4DFA;
			remoteInfo = LoadUnload;
		};
		84C611851E005FD5007D4DFA /* PBXContainerItemProxy */ = {
			isa = PBXContainerItemProxy;
			containerPortal = 84C6115D1E005FD5007D4DFA /* Project object */;
			proxyType = 1;
			remoteGlobalIDString = 84C611641E005FD5007D4DFA;
			remoteInfo = LoadUnload;
		};
/* End PBXContainerItemProxy section */

/* Begin PBXFileReference section */
		2CF9275AE0F36B02BFB5053B /* Pods_LoadUnloadUITests.framework */ = {isa = PBXFileReference; explicitFileType = wrapper.framework; includeInIndex = 0; path = Pods_LoadUnloadUITests.framework; sourceTree = BUILT_PRODUCTS_DIR; };
		51D98ADA1A6B1990C9DDBA46 /* Pods-LoadUnload.release.xcconfig */ = {isa = PBXFileReference; includeInIndex = 1; lastKnownFileType = text.xcconfig; name = "Pods-LoadUnload.release.xcconfig"; path = "Pods/Target Support Files/Pods-LoadUnload/Pods-LoadUnload.release.xcconfig"; sourceTree = "<group>"; };
		659499941C528DBD4E7B166F /* Pods-LoadUnload.debug.xcconfig */ = {isa = PBXFileReference; includeInIndex = 1; lastKnownFileType = text.xcconfig; name = "Pods-LoadUnload.debug.xcconfig"; path = "Pods/Target Support Files/Pods-LoadUnload/Pods-LoadUnload.debug.xcconfig"; sourceTree = "<group>"; };
		840027911E0AB9E50063A195 /* LeftSideMenuViewController.swift */ = {isa = PBXFileReference; fileEncoding = 4; lastKnownFileType = sourcecode.swift; path = LeftSideMenuViewController.swift; sourceTree = "<group>"; };
		840027951E0ABB7B0063A195 /* AppNavigationDrawerController.swift */ = {isa = PBXFileReference; fileEncoding = 4; lastKnownFileType = sourcecode.swift; path = AppNavigationDrawerController.swift; sourceTree = "<group>"; };
		840027961E0ABB7B0063A195 /* AppToolbarController.swift */ = {isa = PBXFileReference; fileEncoding = 4; lastKnownFileType = sourcecode.swift; path = AppToolbarController.swift; sourceTree = "<group>"; };
		840616371E0B961B00EF6796 /* Contacts.swift */ = {isa = PBXFileReference; fileEncoding = 4; lastKnownFileType = sourcecode.swift; path = Contacts.swift; sourceTree = "<group>"; };
		84092C6C1E081B03001CC38C /* UserSession.swift */ = {isa = PBXFileReference; fileEncoding = 4; lastKnownFileType = sourcecode.swift; path = UserSession.swift; sourceTree = "<group>"; };
		842A11C01E01A324000657AF /* RegisterViewController.swift */ = {isa = PBXFileReference; fileEncoding = 4; lastKnownFileType = sourcecode.swift; path = RegisterViewController.swift; sourceTree = "<group>"; };
		842A11C21E01C930000657AF /* LogInViewController.swift */ = {isa = PBXFileReference; fileEncoding = 4; lastKnownFileType = sourcecode.swift; path = LogInViewController.swift; sourceTree = "<group>"; };
		8444FD651E0190F2004D5A62 /* FlashScreenViewController.swift */ = {isa = PBXFileReference; fileEncoding = 4; lastKnownFileType = sourcecode.swift; path = FlashScreenViewController.swift; sourceTree = "<group>"; };
		846FE6EC1E0AF6E100AEA5BF /* BookingHostoryViewController.swift */ = {isa = PBXFileReference; fileEncoding = 4; lastKnownFileType = sourcecode.swift; path = BookingHostoryViewController.swift; sourceTree = "<group>"; };
		84C611651E005FD5007D4DFA /* LoadUnload.app */ = {isa = PBXFileReference; explicitFileType = wrapper.application; includeInIndex = 0; path = LoadUnload.app; sourceTree = BUILT_PRODUCTS_DIR; };
		84C611681E005FD5007D4DFA /* AppDelegate.swift */ = {isa = PBXFileReference; lastKnownFileType = sourcecode.swift; path = AppDelegate.swift; sourceTree = "<group>"; };
		84C6116A1E005FD5007D4DFA /* ViewController.swift */ = {isa = PBXFileReference; lastKnownFileType = sourcecode.swift; path = ViewController.swift; sourceTree = "<group>"; };
		84C6116D1E005FD5007D4DFA /* Base */ = {isa = PBXFileReference; lastKnownFileType = file.storyboard; name = Base; path = Base.lproj/Main.storyboard; sourceTree = "<group>"; };
		84C6116F1E005FD5007D4DFA /* Assets.xcassets */ = {isa = PBXFileReference; lastKnownFileType = folder.assetcatalog; path = Assets.xcassets; sourceTree = "<group>"; };
		84C611721E005FD5007D4DFA /* Base */ = {isa = PBXFileReference; lastKnownFileType = file.storyboard; name = Base; path = Base.lproj/LaunchScreen.storyboard; sourceTree = "<group>"; };
		84C611741E005FD5007D4DFA /* Info.plist */ = {isa = PBXFileReference; lastKnownFileType = text.plist.xml; path = Info.plist; sourceTree = "<group>"; };
		84C611791E005FD5007D4DFA /* LoadUnloadTests.xctest */ = {isa = PBXFileReference; explicitFileType = wrapper.cfbundle; includeInIndex = 0; path = LoadUnloadTests.xctest; sourceTree = BUILT_PRODUCTS_DIR; };
		84C6117D1E005FD5007D4DFA /* LoadUnloadTests.swift */ = {isa = PBXFileReference; lastKnownFileType = sourcecode.swift; path = LoadUnloadTests.swift; sourceTree = "<group>"; };
		84C6117F1E005FD5007D4DFA /* Info.plist */ = {isa = PBXFileReference; lastKnownFileType = text.plist.xml; path = Info.plist; sourceTree = "<group>"; };
		84C611841E005FD5007D4DFA /* LoadUnloadUITests.xctest */ = {isa = PBXFileReference; explicitFileType = wrapper.cfbundle; includeInIndex = 0; path = LoadUnloadUITests.xctest; sourceTree = BUILT_PRODUCTS_DIR; };
		84C611881E005FD5007D4DFA /* LoadUnloadUITests.swift */ = {isa = PBXFileReference; lastKnownFileType = sourcecode.swift; path = LoadUnloadUITests.swift; sourceTree = "<group>"; };
		84C6118A1E005FD5007D4DFA /* Info.plist */ = {isa = PBXFileReference; lastKnownFileType = text.plist.xml; path = Info.plist; sourceTree = "<group>"; };
		B83A2DF34F03A10185A1C31F /* Pods_LoadUnload.framework */ = {isa = PBXFileReference; explicitFileType = wrapper.framework; includeInIndex = 0; path = Pods_LoadUnload.framework; sourceTree = BUILT_PRODUCTS_DIR; };
		D2023D81B9E999461B8C09BB /* Pods_LoadUnloadTests.framework */ = {isa = PBXFileReference; explicitFileType = wrapper.framework; includeInIndex = 0; path = Pods_LoadUnloadTests.framework; sourceTree = BUILT_PRODUCTS_DIR; };
		D9E814751E0BC5D200E3F64A /* NetworkInterface.swift */ = {isa = PBXFileReference; fileEncoding = 4; lastKnownFileType = sourcecode.swift; path = NetworkInterface.swift; sourceTree = "<group>"; };
		D9E814761E0BC5D200E3F64A /* MPMedia.swift */ = {isa = PBXFileReference; fileEncoding = 4; lastKnownFileType = sourcecode.swift; path = MPMedia.swift; sourceTree = "<group>"; };
		D9E814771E0BC5D200E3F64A /* LUNetworkRequests.swift */ = {isa = PBXFileReference; fileEncoding = 4; lastKnownFileType = sourcecode.swift; path = LUNetworkRequests.swift; sourceTree = "<group>"; };
		D9E814781E0BC5D200E3F64A /* LUError.swift */ = {isa = PBXFileReference; fileEncoding = 4; lastKnownFileType = sourcecode.swift; path = LUError.swift; sourceTree = "<group>"; };
		D9E8147E1E0BC83900E3F64A /* UtilExtensions.swift */ = {isa = PBXFileReference; fileEncoding = 4; lastKnownFileType = sourcecode.swift; path = UtilExtensions.swift; sourceTree = "<group>"; };
		D9E814801E0D77D700E3F64A /* ViewControllerExtension.swift */ = {isa = PBXFileReference; fileEncoding = 4; lastKnownFileType = sourcecode.swift; path = ViewControllerExtension.swift; sourceTree = "<group>"; };
		D9E814821E0D787100E3F64A /* HUD.swift */ = {isa = PBXFileReference; fileEncoding = 4; lastKnownFileType = sourcecode.swift; path = HUD.swift; sourceTree = "<group>"; };
/* End PBXFileReference section */

/* Begin PBXFrameworksBuildPhase section */
		84C611621E005FD5007D4DFA /* Frameworks */ = {
			isa = PBXFrameworksBuildPhase;
			buildActionMask = 2147483647;
			files = (
				0256A114CF9B8093AC5B5357 /* Pods_LoadUnload.framework in Frameworks */,
			);
			runOnlyForDeploymentPostprocessing = 0;
		};
		84C611761E005FD5007D4DFA /* Frameworks */ = {
			isa = PBXFrameworksBuildPhase;
			buildActionMask = 2147483647;
			files = (
			);
			runOnlyForDeploymentPostprocessing = 0;
		};
		84C611811E005FD5007D4DFA /* Frameworks */ = {
			isa = PBXFrameworksBuildPhase;
			buildActionMask = 2147483647;
			files = (
			);
			runOnlyForDeploymentPostprocessing = 0;
		};
/* End PBXFrameworksBuildPhase section */

/* Begin PBXGroup section */
		21E1EBAA7829B03B8679922A /* Pods */ = {
			isa = PBXGroup;
			children = (
				659499941C528DBD4E7B166F /* Pods-LoadUnload.debug.xcconfig */,
				51D98ADA1A6B1990C9DDBA46 /* Pods-LoadUnload.release.xcconfig */,
			);
			name = Pods;
			sourceTree = "<group>";
		};
		840616341E0B95B400EF6796 /* SideMenu */ = {
			isa = PBXGroup;
			children = (
				840027911E0AB9E50063A195 /* LeftSideMenuViewController.swift */,
				840027951E0ABB7B0063A195 /* AppNavigationDrawerController.swift */,
				840027961E0ABB7B0063A195 /* AppToolbarController.swift */,
			);
			name = SideMenu;
			sourceTree = "<group>";
		};
		840616351E0B95CA00EF6796 /* Login */ = {
			isa = PBXGroup;
			children = (
				8444FD651E0190F2004D5A62 /* FlashScreenViewController.swift */,
				842A11C21E01C930000657AF /* LogInViewController.swift */,
				842A11C01E01A324000657AF /* RegisterViewController.swift */,
			);
			name = Login;
			sourceTree = "<group>";
		};
		840616361E0B95E200EF6796 /* HomeView */ = {
			isa = PBXGroup;
			children = (
				846FE6EC1E0AF6E100AEA5BF /* BookingHostoryViewController.swift */,
				84C6116A1E005FD5007D4DFA /* ViewController.swift */,
			);
			name = HomeView;
			sourceTree = "<group>";
		};
		84C6115C1E005FD5007D4DFA = {
			isa = PBXGroup;
			children = (
				84C611671E005FD5007D4DFA /* LoadUnload */,
				84C6117C1E005FD5007D4DFA /* LoadUnloadTests */,
				84C611871E005FD5007D4DFA /* LoadUnloadUITests */,
				84C611661E005FD5007D4DFA /* Products */,
				21E1EBAA7829B03B8679922A /* Pods */,
				A5375EB083847D4502C9AC81 /* Frameworks */,
			);
			sourceTree = "<group>";
		};
		84C611661E005FD5007D4DFA /* Products */ = {
			isa = PBXGroup;
			children = (
				84C611651E005FD5007D4DFA /* LoadUnload.app */,
				84C611791E005FD5007D4DFA /* LoadUnloadTests.xctest */,
				84C611841E005FD5007D4DFA /* LoadUnloadUITests.xctest */,
			);
			name = Products;
			sourceTree = "<group>";
		};
		84C611671E005FD5007D4DFA /* LoadUnload */ = {
			isa = PBXGroup;
			children = (
				84C611681E005FD5007D4DFA /* AppDelegate.swift */,
				D9E8147D1E0BC82700E3F64A /* Extensions */,
				D9E814741E0BC55300E3F64A /* Network */,
				D9E814731E0BC2A500E3F64A /* Util */,
				D9E814721E0BC29A00E3F64A /* Session */,
				840616361E0B95E200EF6796 /* HomeView */,
				840616351E0B95CA00EF6796 /* Login */,
				840616341E0B95B400EF6796 /* SideMenu */,
				84C6116C1E005FD5007D4DFA /* Main.storyboard */,
				84C6116F1E005FD5007D4DFA /* Assets.xcassets */,
				84C611711E005FD5007D4DFA /* LaunchScreen.storyboard */,
				84C611741E005FD5007D4DFA /* Info.plist */,
			);
			path = LoadUnload;
			sourceTree = "<group>";
		};
		84C6117C1E005FD5007D4DFA /* LoadUnloadTests */ = {
			isa = PBXGroup;
			children = (
				84C6117D1E005FD5007D4DFA /* LoadUnloadTests.swift */,
				84C6117F1E005FD5007D4DFA /* Info.plist */,
			);
			path = LoadUnloadTests;
			sourceTree = "<group>";
		};
		84C611871E005FD5007D4DFA /* LoadUnloadUITests */ = {
			isa = PBXGroup;
			children = (
				84C611881E005FD5007D4DFA /* LoadUnloadUITests.swift */,
				84C6118A1E005FD5007D4DFA /* Info.plist */,
			);
			path = LoadUnloadUITests;
			sourceTree = "<group>";
		};
		A5375EB083847D4502C9AC81 /* Frameworks */ = {
			isa = PBXGroup;
			children = (
				B83A2DF34F03A10185A1C31F /* Pods_LoadUnload.framework */,
				D2023D81B9E999461B8C09BB /* Pods_LoadUnloadTests.framework */,
				2CF9275AE0F36B02BFB5053B /* Pods_LoadUnloadUITests.framework */,
			);
			name = Frameworks;
			sourceTree = "<group>";
		};
		D9E814721E0BC29A00E3F64A /* Session */ = {
			isa = PBXGroup;
			children = (
				84092C6C1E081B03001CC38C /* UserSession.swift */,
			);
			name = Session;
			sourceTree = "<group>";
		};
		D9E814731E0BC2A500E3F64A /* Util */ = {
			isa = PBXGroup;
			children = (
				840616371E0B961B00EF6796 /* Contacts.swift */,
			);
			name = Util;
			sourceTree = "<group>";
		};
		D9E814741E0BC55300E3F64A /* Network */ = {
			isa = PBXGroup;
			children = (
				D9E814751E0BC5D200E3F64A /* NetworkInterface.swift */,
				D9E814761E0BC5D200E3F64A /* MPMedia.swift */,
				D9E814771E0BC5D200E3F64A /* LUNetworkRequests.swift */,
				D9E814781E0BC5D200E3F64A /* LUError.swift */,
			);
			name = Network;
			sourceTree = "<group>";
		};
		D9E8147D1E0BC82700E3F64A /* Extensions */ = {
			isa = PBXGroup;
			children = (
				D9E814801E0D77D700E3F64A /* ViewControllerExtension.swift */,
				D9E8147E1E0BC83900E3F64A /* UtilExtensions.swift */,
				D9E814821E0D787100E3F64A /* HUD.swift */,
			);
			name = Extensions;
			sourceTree = "<group>";
		};
/* End PBXGroup section */

/* Begin PBXNativeTarget section */
		84C611641E005FD5007D4DFA /* LoadUnload */ = {
			isa = PBXNativeTarget;
			buildConfigurationList = 84C6118D1E005FD5007D4DFA /* Build configuration list for PBXNativeTarget "LoadUnload" */;
			buildPhases = (
				9BA8505609AB629B4A30402F /* [CP] Check Pods Manifest.lock */,
				84C611611E005FD5007D4DFA /* Sources */,
				84C611621E005FD5007D4DFA /* Frameworks */,
				84C611631E005FD5007D4DFA /* Resources */,
				C9F0DA5673C91650E2121692 /* [CP] Embed Pods Frameworks */,
				22CFCE8254874D2B1F179E72 /* [CP] Copy Pods Resources */,
			);
			buildRules = (
			);
			dependencies = (
			);
			name = LoadUnload;
			productName = LoadUnload;
			productReference = 84C611651E005FD5007D4DFA /* LoadUnload.app */;
			productType = "com.apple.product-type.application";
		};
		84C611781E005FD5007D4DFA /* LoadUnloadTests */ = {
			isa = PBXNativeTarget;
			buildConfigurationList = 84C611901E005FD5007D4DFA /* Build configuration list for PBXNativeTarget "LoadUnloadTests" */;
			buildPhases = (
				84C611751E005FD5007D4DFA /* Sources */,
				84C611761E005FD5007D4DFA /* Frameworks */,
				84C611771E005FD5007D4DFA /* Resources */,
			);
			buildRules = (
			);
			dependencies = (
				84C6117B1E005FD5007D4DFA /* PBXTargetDependency */,
			);
			name = LoadUnloadTests;
			productName = LoadUnloadTests;
			productReference = 84C611791E005FD5007D4DFA /* LoadUnloadTests.xctest */;
			productType = "com.apple.product-type.bundle.unit-test";
		};
		84C611831E005FD5007D4DFA /* LoadUnloadUITests */ = {
			isa = PBXNativeTarget;
			buildConfigurationList = 84C611931E005FD5007D4DFA /* Build configuration list for PBXNativeTarget "LoadUnloadUITests" */;
			buildPhases = (
				84C611801E005FD5007D4DFA /* Sources */,
				84C611811E005FD5007D4DFA /* Frameworks */,
				84C611821E005FD5007D4DFA /* Resources */,
			);
			buildRules = (
			);
			dependencies = (
				84C611861E005FD5007D4DFA /* PBXTargetDependency */,
			);
			name = LoadUnloadUITests;
			productName = LoadUnloadUITests;
			productReference = 84C611841E005FD5007D4DFA /* LoadUnloadUITests.xctest */;
			productType = "com.apple.product-type.bundle.ui-testing";
		};
/* End PBXNativeTarget section */

/* Begin PBXProject section */
		84C6115D1E005FD5007D4DFA /* Project object */ = {
			isa = PBXProject;
			attributes = {
				LastSwiftUpdateCheck = 0730;
				LastUpgradeCheck = 0820;
				ORGANIZATIONNAME = FreeLancer;
				TargetAttributes = {
					84C611641E005FD5007D4DFA = {
						CreatedOnToolsVersion = 7.3.1;
						DevelopmentTeam = AX766J88NA;
						LastSwiftMigration = 0820;
						ProvisioningStyle = Automatic;
					};
					84C611781E005FD5007D4DFA = {
						CreatedOnToolsVersion = 7.3.1;
						LastSwiftMigration = 0820;
						TestTargetID = 84C611641E005FD5007D4DFA;
					};
					84C611831E005FD5007D4DFA = {
						CreatedOnToolsVersion = 7.3.1;
						LastSwiftMigration = 0820;
						TestTargetID = 84C611641E005FD5007D4DFA;
					};
				};
			};
			buildConfigurationList = 84C611601E005FD5007D4DFA /* Build configuration list for PBXProject "LoadUnload" */;
			compatibilityVersion = "Xcode 3.2";
			developmentRegion = English;
			hasScannedForEncodings = 0;
			knownRegions = (
				en,
				Base,
			);
			mainGroup = 84C6115C1E005FD5007D4DFA;
			productRefGroup = 84C611661E005FD5007D4DFA /* Products */;
			projectDirPath = "";
			projectRoot = "";
			targets = (
				84C611641E005FD5007D4DFA /* LoadUnload */,
				84C611781E005FD5007D4DFA /* LoadUnloadTests */,
				84C611831E005FD5007D4DFA /* LoadUnloadUITests */,
			);
		};
/* End PBXProject section */

/* Begin PBXResourcesBuildPhase section */
		84C611631E005FD5007D4DFA /* Resources */ = {
			isa = PBXResourcesBuildPhase;
			buildActionMask = 2147483647;
			files = (
				84C611731E005FD5007D4DFA /* LaunchScreen.storyboard in Resources */,
				84C611701E005FD5007D4DFA /* Assets.xcassets in Resources */,
				84C6116E1E005FD5007D4DFA /* Main.storyboard in Resources */,
			);
			runOnlyForDeploymentPostprocessing = 0;
		};
		84C611771E005FD5007D4DFA /* Resources */ = {
			isa = PBXResourcesBuildPhase;
			buildActionMask = 2147483647;
			files = (
			);
			runOnlyForDeploymentPostprocessing = 0;
		};
		84C611821E005FD5007D4DFA /* Resources */ = {
			isa = PBXResourcesBuildPhase;
			buildActionMask = 2147483647;
			files = (
			);
			runOnlyForDeploymentPostprocessing = 0;
		};
/* End PBXResourcesBuildPhase section */

/* Begin PBXShellScriptBuildPhase section */
		22CFCE8254874D2B1F179E72 /* [CP] Copy Pods Resources */ = {
			isa = PBXShellScriptBuildPhase;
			buildActionMask = 2147483647;
			files = (
			);
			inputPaths = (
			);
			name = "[CP] Copy Pods Resources";
			outputPaths = (
			);
			runOnlyForDeploymentPostprocessing = 0;
			shellPath = /bin/sh;
			shellScript = "\"${SRCROOT}/Pods/Target Support Files/Pods-LoadUnload/Pods-LoadUnload-resources.sh\"\n";
			showEnvVarsInLog = 0;
		};
		9BA8505609AB629B4A30402F /* [CP] Check Pods Manifest.lock */ = {
			isa = PBXShellScriptBuildPhase;
			buildActionMask = 2147483647;
			files = (
			);
			inputPaths = (
			);
			name = "[CP] Check Pods Manifest.lock";
			outputPaths = (
			);
			runOnlyForDeploymentPostprocessing = 0;
			shellPath = /bin/sh;
			shellScript = "diff \"${PODS_ROOT}/../Podfile.lock\" \"${PODS_ROOT}/Manifest.lock\" > /dev/null\nif [ $? != 0 ] ; then\n    # print error to STDERR\n    echo \"error: The sandbox is not in sync with the Podfile.lock. Run 'pod install' or update your CocoaPods installation.\" >&2\n    exit 1\nfi\n";
			showEnvVarsInLog = 0;
		};
		C9F0DA5673C91650E2121692 /* [CP] Embed Pods Frameworks */ = {
			isa = PBXShellScriptBuildPhase;
			buildActionMask = 2147483647;
			files = (
			);
			inputPaths = (
			);
			name = "[CP] Embed Pods Frameworks";
			outputPaths = (
			);
			runOnlyForDeploymentPostprocessing = 0;
			shellPath = /bin/sh;
			shellScript = "\"${SRCROOT}/Pods/Target Support Files/Pods-LoadUnload/Pods-LoadUnload-frameworks.sh\"\n";
			showEnvVarsInLog = 0;
		};
/* End PBXShellScriptBuildPhase section */

/* Begin PBXSourcesBuildPhase section */
		84C611611E005FD5007D4DFA /* Sources */ = {
			isa = PBXSourcesBuildPhase;
			buildActionMask = 2147483647;
			files = (
				840027971E0ABB7B0063A195 /* AppNavigationDrawerController.swift in Sources */,
				84C6116B1E005FD5007D4DFA /* ViewController.swift in Sources */,
				8444FD661E0190F2004D5A62 /* FlashScreenViewController.swift in Sources */,
				846FE6ED1E0AF6E100AEA5BF /* BookingHostoryViewController.swift in Sources */,
				D9E8147C1E0BC5D200E3F64A /* LUError.swift in Sources */,
				D9E814791E0BC5D200E3F64A /* NetworkInterface.swift in Sources */,
				84C611691E005FD5007D4DFA /* AppDelegate.swift in Sources */,
				D9E8147A1E0BC5D200E3F64A /* MPMedia.swift in Sources */,
				84092C6D1E081B03001CC38C /* UserSession.swift in Sources */,
				840616381E0B961B00EF6796 /* Contacts.swift in Sources */,
				842A11C31E01C930000657AF /* LogInViewController.swift in Sources */,
				840027921E0AB9E50063A195 /* LeftSideMenuViewController.swift in Sources */,
				D9E8147B1E0BC5D200E3F64A /* LUNetworkRequests.swift in Sources */,
				D9E8147F1E0BC83900E3F64A /* UtilExtensions.swift in Sources */,
				D9E814811E0D77D700E3F64A /* ViewControllerExtension.swift in Sources */,
				D9E814831E0D787100E3F64A /* HUD.swift in Sources */,
				842A11C11E01A324000657AF /* RegisterViewController.swift in Sources */,
				840027981E0ABB7B0063A195 /* AppToolbarController.swift in Sources */,
			);
			runOnlyForDeploymentPostprocessing = 0;
		};
		84C611751E005FD5007D4DFA /* Sources */ = {
			isa = PBXSourcesBuildPhase;
			buildActionMask = 2147483647;
			files = (
				84C6117E1E005FD5007D4DFA /* LoadUnloadTests.swift in Sources */,
			);
			runOnlyForDeploymentPostprocessing = 0;
		};
		84C611801E005FD5007D4DFA /* Sources */ = {
			isa = PBXSourcesBuildPhase;
			buildActionMask = 2147483647;
			files = (
				84C611891E005FD5007D4DFA /* LoadUnloadUITests.swift in Sources */,
			);
			runOnlyForDeploymentPostprocessing = 0;
		};
/* End PBXSourcesBuildPhase section */

/* Begin PBXTargetDependency section */
		84C6117B1E005FD5007D4DFA /* PBXTargetDependency */ = {
			isa = PBXTargetDependency;
			target = 84C611641E005FD5007D4DFA /* LoadUnload */;
			targetProxy = 84C6117A1E005FD5007D4DFA /* PBXContainerItemProxy */;
		};
		84C611861E005FD5007D4DFA /* PBXTargetDependency */ = {
			isa = PBXTargetDependency;
			target = 84C611641E005FD5007D4DFA /* LoadUnload */;
			targetProxy = 84C611851E005FD5007D4DFA /* PBXContainerItemProxy */;
		};
/* End PBXTargetDependency section */

/* Begin PBXVariantGroup section */
		84C6116C1E005FD5007D4DFA /* Main.storyboard */ = {
			isa = PBXVariantGroup;
			children = (
				84C6116D1E005FD5007D4DFA /* Base */,
			);
			name = Main.storyboard;
			sourceTree = "<group>";
		};
		84C611711E005FD5007D4DFA /* LaunchScreen.storyboard */ = {
			isa = PBXVariantGroup;
			children = (
				84C611721E005FD5007D4DFA /* Base */,
			);
			name = LaunchScreen.storyboard;
			sourceTree = "<group>";
		};
/* End PBXVariantGroup section */

/* Begin XCBuildConfiguration section */
		84C6118B1E005FD5007D4DFA /* Debug */ = {
			isa = XCBuildConfiguration;
			buildSettings = {
				ALWAYS_SEARCH_USER_PATHS = NO;
				CLANG_ANALYZER_NONNULL = YES;
				CLANG_CXX_LANGUAGE_STANDARD = "gnu++0x";
				CLANG_CXX_LIBRARY = "libc++";
				CLANG_ENABLE_MODULES = YES;
				CLANG_ENABLE_OBJC_ARC = YES;
				CLANG_WARN_BOOL_CONVERSION = YES;
				CLANG_WARN_CONSTANT_CONVERSION = YES;
				CLANG_WARN_DIRECT_OBJC_ISA_USAGE = YES_ERROR;
				CLANG_WARN_EMPTY_BODY = YES;
				CLANG_WARN_ENUM_CONVERSION = YES;
				CLANG_WARN_INFINITE_RECURSION = YES;
				CLANG_WARN_INT_CONVERSION = YES;
				CLANG_WARN_OBJC_ROOT_CLASS = YES_ERROR;
				CLANG_WARN_SUSPICIOUS_MOVE = YES;
				CLANG_WARN_UNREACHABLE_CODE = YES;
				CLANG_WARN__DUPLICATE_METHOD_MATCH = YES;
				"CODE_SIGN_IDENTITY[sdk=iphoneos*]" = "iPhone Developer";
				COPY_PHASE_STRIP = NO;
				DEBUG_INFORMATION_FORMAT = dwarf;
				ENABLE_STRICT_OBJC_MSGSEND = YES;
				ENABLE_TESTABILITY = YES;
				GCC_C_LANGUAGE_STANDARD = gnu99;
				GCC_DYNAMIC_NO_PIC = NO;
				GCC_NO_COMMON_BLOCKS = YES;
				GCC_OPTIMIZATION_LEVEL = 0;
				GCC_PREPROCESSOR_DEFINITIONS = (
					"DEBUG=1",
					"$(inherited)",
				);
				GCC_WARN_64_TO_32_BIT_CONVERSION = YES;
				GCC_WARN_ABOUT_RETURN_TYPE = YES_ERROR;
				GCC_WARN_UNDECLARED_SELECTOR = YES;
				GCC_WARN_UNINITIALIZED_AUTOS = YES_AGGRESSIVE;
				GCC_WARN_UNUSED_FUNCTION = YES;
				GCC_WARN_UNUSED_VARIABLE = YES;
				IPHONEOS_DEPLOYMENT_TARGET = 9.3;
				MTL_ENABLE_DEBUG_INFO = YES;
				ONLY_ACTIVE_ARCH = YES;
				SDKROOT = iphoneos;
				SWIFT_OPTIMIZATION_LEVEL = "-Onone";
			};
			name = Debug;
		};
		84C6118C1E005FD5007D4DFA /* Release */ = {
			isa = XCBuildConfiguration;
			buildSettings = {
				ALWAYS_SEARCH_USER_PATHS = NO;
				CLANG_ANALYZER_NONNULL = YES;
				CLANG_CXX_LANGUAGE_STANDARD = "gnu++0x";
				CLANG_CXX_LIBRARY = "libc++";
				CLANG_ENABLE_MODULES = YES;
				CLANG_ENABLE_OBJC_ARC = YES;
				CLANG_WARN_BOOL_CONVERSION = YES;
				CLANG_WARN_CONSTANT_CONVERSION = YES;
				CLANG_WARN_DIRECT_OBJC_ISA_USAGE = YES_ERROR;
				CLANG_WARN_EMPTY_BODY = YES;
				CLANG_WARN_ENUM_CONVERSION = YES;
				CLANG_WARN_INFINITE_RECURSION = YES;
				CLANG_WARN_INT_CONVERSION = YES;
				CLANG_WARN_OBJC_ROOT_CLASS = YES_ERROR;
				CLANG_WARN_SUSPICIOUS_MOVE = YES;
				CLANG_WARN_UNREACHABLE_CODE = YES;
				CLANG_WARN__DUPLICATE_METHOD_MATCH = YES;
				"CODE_SIGN_IDENTITY[sdk=iphoneos*]" = "iPhone Developer";
				COPY_PHASE_STRIP = NO;
				DEBUG_INFORMATION_FORMAT = "dwarf-with-dsym";
				ENABLE_NS_ASSERTIONS = NO;
				ENABLE_STRICT_OBJC_MSGSEND = YES;
				GCC_C_LANGUAGE_STANDARD = gnu99;
				GCC_NO_COMMON_BLOCKS = YES;
				GCC_WARN_64_TO_32_BIT_CONVERSION = YES;
				GCC_WARN_ABOUT_RETURN_TYPE = YES_ERROR;
				GCC_WARN_UNDECLARED_SELECTOR = YES;
				GCC_WARN_UNINITIALIZED_AUTOS = YES_AGGRESSIVE;
				GCC_WARN_UNUSED_FUNCTION = YES;
				GCC_WARN_UNUSED_VARIABLE = YES;
				IPHONEOS_DEPLOYMENT_TARGET = 9.3;
				MTL_ENABLE_DEBUG_INFO = NO;
				SDKROOT = iphoneos;
				SWIFT_OPTIMIZATION_LEVEL = "-Owholemodule";
				VALIDATE_PRODUCT = YES;
			};
			name = Release;
		};
		84C6118E1E005FD5007D4DFA /* Debug */ = {
			isa = XCBuildConfiguration;
			baseConfigurationReference = 659499941C528DBD4E7B166F /* Pods-LoadUnload.debug.xcconfig */;
			buildSettings = {
				ALWAYS_EMBED_SWIFT_STANDARD_LIBRARIES = YES;
				ASSETCATALOG_COMPILER_APPICON_NAME = AppIcon;
				"CODE_SIGN_IDENTITY[sdk=iphoneos*]" = "iPhone Developer";
				DEVELOPMENT_TEAM = AX766J88NA;
				INFOPLIST_FILE = LoadUnload/Info.plist;
				IPHONEOS_DEPLOYMENT_TARGET = 10.1;
				LD_RUNPATH_SEARCH_PATHS = "$(inherited) @executable_path/Frameworks";
				PRODUCT_BUNDLE_IDENTIFIER = com.FreeLancer.LoadUnload;
				PRODUCT_NAME = "$(TARGET_NAME)";
				SWIFT_VERSION = 3.0;
			};
			name = Debug;
		};
		84C6118F1E005FD5007D4DFA /* Release */ = {
			isa = XCBuildConfiguration;
			baseConfigurationReference = 51D98ADA1A6B1990C9DDBA46 /* Pods-LoadUnload.release.xcconfig */;
			buildSettings = {
				ALWAYS_EMBED_SWIFT_STANDARD_LIBRARIES = YES;
				ASSETCATALOG_COMPILER_APPICON_NAME = AppIcon;
				"CODE_SIGN_IDENTITY[sdk=iphoneos*]" = "iPhone Developer";
				DEVELOPMENT_TEAM = AX766J88NA;
				INFOPLIST_FILE = LoadUnload/Info.plist;
				IPHONEOS_DEPLOYMENT_TARGET = 10.1;
				LD_RUNPATH_SEARCH_PATHS = "$(inherited) @executable_path/Frameworks";
				PRODUCT_BUNDLE_IDENTIFIER = com.FreeLancer.LoadUnload;
				PRODUCT_NAME = "$(TARGET_NAME)";
				SWIFT_VERSION = 3.0;
			};
			name = Release;
		};
		84C611911E005FD5007D4DFA /* Debug */ = {
			isa = XCBuildConfiguration;
			buildSettings = {
				BUNDLE_LOADER = "$(TEST_HOST)";
				INFOPLIST_FILE = LoadUnloadTests/Info.plist;
				LD_RUNPATH_SEARCH_PATHS = "$(inherited) @executable_path/Frameworks @loader_path/Frameworks";
				PRODUCT_BUNDLE_IDENTIFIER = com.FreeLancer.LoadUnload.LoadUnloadTests;
				PRODUCT_NAME = "$(TARGET_NAME)";
				SWIFT_VERSION = 3.0;
				TEST_HOST = "$(BUILT_PRODUCTS_DIR)/LoadUnload.app/LoadUnload";
			};
			name = Debug;
		};
		84C611921E005FD5007D4DFA /* Release */ = {
			isa = XCBuildConfiguration;
			buildSettings = {
				BUNDLE_LOADER = "$(TEST_HOST)";
				INFOPLIST_FILE = LoadUnloadTests/Info.plist;
				LD_RUNPATH_SEARCH_PATHS = "$(inherited) @executable_path/Frameworks @loader_path/Frameworks";
				PRODUCT_BUNDLE_IDENTIFIER = com.FreeLancer.LoadUnload.LoadUnloadTests;
				PRODUCT_NAME = "$(TARGET_NAME)";
				SWIFT_VERSION = 3.0;
				TEST_HOST = "$(BUILT_PRODUCTS_DIR)/LoadUnload.app/LoadUnload";
			};
			name = Release;
		};
		84C611941E005FD5007D4DFA /* Debug */ = {
			isa = XCBuildConfiguration;
			buildSettings = {
				INFOPLIST_FILE = LoadUnloadUITests/Info.plist;
				LD_RUNPATH_SEARCH_PATHS = "$(inherited) @executable_path/Frameworks @loader_path/Frameworks";
				PRODUCT_BUNDLE_IDENTIFIER = com.FreeLancer.LoadUnload.LoadUnloadUITests;
				PRODUCT_NAME = "$(TARGET_NAME)";
				SWIFT_VERSION = 3.0;
				TEST_TARGET_NAME = LoadUnload;
			};
			name = Debug;
		};
		84C611951E005FD5007D4DFA /* Release */ = {
			isa = XCBuildConfiguration;
			buildSettings = {
				INFOPLIST_FILE = LoadUnloadUITests/Info.plist;
				LD_RUNPATH_SEARCH_PATHS = "$(inherited) @executable_path/Frameworks @loader_path/Frameworks";
				PRODUCT_BUNDLE_IDENTIFIER = com.FreeLancer.LoadUnload.LoadUnloadUITests;
				PRODUCT_NAME = "$(TARGET_NAME)";
				SWIFT_VERSION = 3.0;
				TEST_TARGET_NAME = LoadUnload;
			};
			name = Release;
		};
/* End XCBuildConfiguration section */

/* Begin XCConfigurationList section */
		84C611601E005FD5007D4DFA /* Build configuration list for PBXProject "LoadUnload" */ = {
			isa = XCConfigurationList;
			buildConfigurations = (
				84C6118B1E005FD5007D4DFA /* Debug */,
				84C6118C1E005FD5007D4DFA /* Release */,
			);
			defaultConfigurationIsVisible = 0;
			defaultConfigurationName = Release;
		};
		84C6118D1E005FD5007D4DFA /* Build configuration list for PBXNativeTarget "LoadUnload" */ = {
			isa = XCConfigurationList;
			buildConfigurations = (
				84C6118E1E005FD5007D4DFA /* Debug */,
				84C6118F1E005FD5007D4DFA /* Release */,
			);
			defaultConfigurationIsVisible = 0;
			defaultConfigurationName = Release;
		};
		84C611901E005FD5007D4DFA /* Build configuration list for PBXNativeTarget "LoadUnloadTests" */ = {
			isa = XCConfigurationList;
			buildConfigurations = (
				84C611911E005FD5007D4DFA /* Debug */,
				84C611921E005FD5007D4DFA /* Release */,
			);
			defaultConfigurationIsVisible = 0;
			defaultConfigurationName = Release;
		};
		84C611931E005FD5007D4DFA /* Build configuration list for PBXNativeTarget "LoadUnloadUITests" */ = {
			isa = XCConfigurationList;
			buildConfigurations = (
				84C611941E005FD5007D4DFA /* Debug */,
				84C611951E005FD5007D4DFA /* Release */,
			);
			defaultConfigurationIsVisible = 0;
			defaultConfigurationName = Release;
		};
/* End XCConfigurationList section */
	};
	rootObject = 84C6115D1E005FD5007D4DFA /* Project object */;
}
